// !$*UTF8*$!
{
	archiveVersion = 1;
	classes = {
	};
	objectVersion = 56;
	objects = {

/* Begin PBXBuildFile section */
		09C646D01FE093EFC8C3FD8C /* Pods_StarWarsApp.framework in Frameworks */ = {isa = PBXBuildFile; fileRef = DC1C6546507A682A49B6E13F /* Pods_StarWarsApp.framework */; };
		9D52EC142A1151EF004106B2 /* AppDelegate.swift in Sources */ = {isa = PBXBuildFile; fileRef = 9D52EC132A1151EF004106B2 /* AppDelegate.swift */; };
		9D52EC162A1151EF004106B2 /* SceneDelegate.swift in Sources */ = {isa = PBXBuildFile; fileRef = 9D52EC152A1151EF004106B2 /* SceneDelegate.swift */; };
		9D52EC182A1151EF004106B2 /* ViewController.swift in Sources */ = {isa = PBXBuildFile; fileRef = 9D52EC172A1151EF004106B2 /* ViewController.swift */; };
		9D52EC1B2A1151EF004106B2 /* Main.storyboard in Resources */ = {isa = PBXBuildFile; fileRef = 9D52EC192A1151EF004106B2 /* Main.storyboard */; };
		9D52EC1D2A1151EF004106B2 /* Assets.xcassets in Resources */ = {isa = PBXBuildFile; fileRef = 9D52EC1C2A1151EF004106B2 /* Assets.xcassets */; };
		9D52EC202A1151EF004106B2 /* LaunchScreen.storyboard in Resources */ = {isa = PBXBuildFile; fileRef = 9D52EC1E2A1151EF004106B2 /* LaunchScreen.storyboard */; };
		9D52EC282A11522B004106B2 /* NetworkManager.swift in Sources */ = {isa = PBXBuildFile; fileRef = 9D52EC272A11522B004106B2 /* NetworkManager.swift */; };
		9D52EC2A2A115262004106B2 /* PeopleModelData.swift in Sources */ = {isa = PBXBuildFile; fileRef = 9D52EC292A115262004106B2 /* PeopleModelData.swift */; };
		9D52EC2C2A115288004106B2 /* PeopleViewModel.swift in Sources */ = {isa = PBXBuildFile; fileRef = 9D52EC2B2A115288004106B2 /* PeopleViewModel.swift */; };
		9D9E20FD2A1160F800E2E446 /* PeopleCell.swift in Sources */ = {isa = PBXBuildFile; fileRef = 9D9E20FB2A1160F800E2E446 /* PeopleCell.swift */; };
		9D9E20FE2A1160F800E2E446 /* PeopleCell.xib in Resources */ = {isa = PBXBuildFile; fileRef = 9D9E20FC2A1160F800E2E446 /* PeopleCell.xib */; };
		9D9E21002A11654500E2E446 /* UIViewExtension.swift in Sources */ = {isa = PBXBuildFile; fileRef = 9D9E20FF2A11654500E2E446 /* UIViewExtension.swift */; };
/* End PBXBuildFile section */

/* Begin PBXFileReference section */
		7CFB9C5FA5287E44E601CEE6 /* Pods-StarWarsApp.release.xcconfig */ = {isa = PBXFileReference; includeInIndex = 1; lastKnownFileType = text.xcconfig; name = "Pods-StarWarsApp.release.xcconfig"; path = "Target Support Files/Pods-StarWarsApp/Pods-StarWarsApp.release.xcconfig"; sourceTree = "<group>"; };
		99187C99180BC3D9ED66B68C /* Pods-StarWarsApp.debug.xcconfig */ = {isa = PBXFileReference; includeInIndex = 1; lastKnownFileType = text.xcconfig; name = "Pods-StarWarsApp.debug.xcconfig"; path = "Target Support Files/Pods-StarWarsApp/Pods-StarWarsApp.debug.xcconfig"; sourceTree = "<group>"; };
		9D52EC102A1151EF004106B2 /* StarWarsApp.app */ = {isa = PBXFileReference; explicitFileType = wrapper.application; includeInIndex = 0; path = StarWarsApp.app; sourceTree = BUILT_PRODUCTS_DIR; };
		9D52EC132A1151EF004106B2 /* AppDelegate.swift */ = {isa = PBXFileReference; lastKnownFileType = sourcecode.swift; path = AppDelegate.swift; sourceTree = "<group>"; };
		9D52EC152A1151EF004106B2 /* SceneDelegate.swift */ = {isa = PBXFileReference; lastKnownFileType = sourcecode.swift; path = SceneDelegate.swift; sourceTree = "<group>"; };
		9D52EC172A1151EF004106B2 /* ViewController.swift */ = {isa = PBXFileReference; lastKnownFileType = sourcecode.swift; path = ViewController.swift; sourceTree = "<group>"; };
		9D52EC1A2A1151EF004106B2 /* Base */ = {isa = PBXFileReference; lastKnownFileType = file.storyboard; name = Base; path = Base.lproj/Main.storyboard; sourceTree = "<group>"; };
		9D52EC1C2A1151EF004106B2 /* Assets.xcassets */ = {isa = PBXFileReference; lastKnownFileType = folder.assetcatalog; path = Assets.xcassets; sourceTree = "<group>"; };
		9D52EC1F2A1151EF004106B2 /* Base */ = {isa = PBXFileReference; lastKnownFileType = file.storyboard; name = Base; path = Base.lproj/LaunchScreen.storyboard; sourceTree = "<group>"; };
		9D52EC212A1151EF004106B2 /* Info.plist */ = {isa = PBXFileReference; lastKnownFileType = text.plist.xml; path = Info.plist; sourceTree = "<group>"; };
		9D52EC272A11522B004106B2 /* NetworkManager.swift */ = {isa = PBXFileReference; lastKnownFileType = sourcecode.swift; path = NetworkManager.swift; sourceTree = "<group>"; };
		9D52EC292A115262004106B2 /* PeopleModelData.swift */ = {isa = PBXFileReference; lastKnownFileType = sourcecode.swift; path = PeopleModelData.swift; sourceTree = "<group>"; };
		9D52EC2B2A115288004106B2 /* PeopleViewModel.swift */ = {isa = PBXFileReference; lastKnownFileType = sourcecode.swift; path = PeopleViewModel.swift; sourceTree = "<group>"; };
		9D9E20FB2A1160F800E2E446 /* PeopleCell.swift */ = {isa = PBXFileReference; lastKnownFileType = sourcecode.swift; path = PeopleCell.swift; sourceTree = "<group>"; };
		9D9E20FC2A1160F800E2E446 /* PeopleCell.xib */ = {isa = PBXFileReference; lastKnownFileType = file.xib; path = PeopleCell.xib; sourceTree = "<group>"; };
		9D9E20FF2A11654500E2E446 /* UIViewExtension.swift */ = {isa = PBXFileReference; lastKnownFileType = sourcecode.swift; path = UIViewExtension.swift; sourceTree = "<group>"; };
		DC1C6546507A682A49B6E13F /* Pods_StarWarsApp.framework */ = {isa = PBXFileReference; explicitFileType = wrapper.framework; includeInIndex = 0; path = Pods_StarWarsApp.framework; sourceTree = BUILT_PRODUCTS_DIR; };
/* End PBXFileReference section */

/* Begin PBXFrameworksBuildPhase section */
		9D52EC0D2A1151EF004106B2 /* Frameworks */ = {
			isa = PBXFrameworksBuildPhase;
			buildActionMask = 2147483647;
			files = (
				09C646D01FE093EFC8C3FD8C /* Pods_StarWarsApp.framework in Frameworks */,
			);
			runOnlyForDeploymentPostprocessing = 0;
		};
/* End PBXFrameworksBuildPhase section */

/* Begin PBXGroup section */
		050C746FD216BBA397E97610 /* Pods */ = {
			isa = PBXGroup;
			children = (
				99187C99180BC3D9ED66B68C /* Pods-StarWarsApp.debug.xcconfig */,
				7CFB9C5FA5287E44E601CEE6 /* Pods-StarWarsApp.release.xcconfig */,
			);
			path = Pods;
			sourceTree = "<group>";
		};
		766C86F55B1FACA8C254AD8B /* Frameworks */ = {
			isa = PBXGroup;
			children = (
				DC1C6546507A682A49B6E13F /* Pods_StarWarsApp.framework */,
			);
			name = Frameworks;
			sourceTree = "<group>";
		};
		9D52EC072A1151EF004106B2 = {
			isa = PBXGroup;
			children = (
				9D52EC122A1151EF004106B2 /* StarWarsApp */,
				9D52EC112A1151EF004106B2 /* Products */,
				050C746FD216BBA397E97610 /* Pods */,
				766C86F55B1FACA8C254AD8B /* Frameworks */,
			);
			sourceTree = "<group>";
		};
		9D52EC112A1151EF004106B2 /* Products */ = {
			isa = PBXGroup;
			children = (
				9D52EC102A1151EF004106B2 /* StarWarsApp.app */,
			);
			name = Products;
			sourceTree = "<group>";
		};
		9D52EC122A1151EF004106B2 /* StarWarsApp */ = {
			isa = PBXGroup;
			children = (
				9D52EC132A1151EF004106B2 /* AppDelegate.swift */,
				9D52EC152A1151EF004106B2 /* SceneDelegate.swift */,
				9D52EC172A1151EF004106B2 /* ViewController.swift */,
				9D52EC192A1151EF004106B2 /* Main.storyboard */,
				9D9E21042A121B4700E2E446 /* NetworkManager */,
				9D9E21032A121B2100E2E446 /* People */,
				9D9E21052A121B5900E2E446 /* Extensions */,
				9D52EC1C2A1151EF004106B2 /* Assets.xcassets */,
				9D52EC1E2A1151EF004106B2 /* LaunchScreen.storyboard */,
				9D52EC212A1151EF004106B2 /* Info.plist */,
			);
			path = StarWarsApp;
			sourceTree = "<group>";
		};
		9D9E21032A121B2100E2E446 /* People */ = {
			isa = PBXGroup;
			children = (
				9D52EC292A115262004106B2 /* PeopleModelData.swift */,
				9D52EC2B2A115288004106B2 /* PeopleViewModel.swift */,
				9D9E21062A121B6D00E2E446 /* cells */,
			);
			path = People;
			sourceTree = "<group>";
		};
		9D9E21042A121B4700E2E446 /* NetworkManager */ = {
			isa = PBXGroup;
			children = (
				9D52EC272A11522B004106B2 /* NetworkManager.swift */,
			);
			path = NetworkManager;
			sourceTree = "<group>";
		};
		9D9E21052A121B5900E2E446 /* Extensions */ = {
			isa = PBXGroup;
			children = (
				9D9E20FF2A11654500E2E446 /* UIViewExtension.swift */,
			);
			path = Extensions;
			sourceTree = "<group>";
		};
		9D9E21062A121B6D00E2E446 /* cells */ = {
			isa = PBXGroup;
			children = (
				9D9E20FB2A1160F800E2E446 /* PeopleCell.swift */,
				9D9E20FC2A1160F800E2E446 /* PeopleCell.xib */,
			);
			path = cells;
			sourceTree = "<group>";
		};
/* End PBXGroup section */

/* Begin PBXNativeTarget section */
		9D52EC0F2A1151EF004106B2 /* StarWarsApp */ = {
			isa = PBXNativeTarget;
			buildConfigurationList = 9D52EC242A1151EF004106B2 /* Build configuration list for PBXNativeTarget "StarWarsApp" */;
			buildPhases = (
				3BECC5A62B74E9378B50F50B /* [CP] Check Pods Manifest.lock */,
				9D52EC0C2A1151EF004106B2 /* Sources */,
				9D52EC0D2A1151EF004106B2 /* Frameworks */,
				9D52EC0E2A1151EF004106B2 /* Resources */,
				7A1A12FCB0D053A767E7D8E2 /* [CP] Embed Pods Frameworks */,
			);
			buildRules = (
			);
			dependencies = (
			);
			name = StarWarsApp;
			productName = StarWarsApp;
			productReference = 9D52EC102A1151EF004106B2 /* StarWarsApp.app */;
			productType = "com.apple.product-type.application";
		};
/* End PBXNativeTarget section */

/* Begin PBXProject section */
		9D52EC082A1151EF004106B2 /* Project object */ = {
			isa = PBXProject;
			attributes = {
				BuildIndependentTargetsInParallel = 1;
				LastSwiftUpdateCheck = 1420;
				LastUpgradeCheck = 1420;
				TargetAttributes = {
					9D52EC0F2A1151EF004106B2 = {
						CreatedOnToolsVersion = 14.2;
					};
				};
			};
			buildConfigurationList = 9D52EC0B2A1151EF004106B2 /* Build configuration list for PBXProject "StarWarsApp" */;
			compatibilityVersion = "Xcode 14.0";
			developmentRegion = en;
			hasScannedForEncodings = 0;
			knownRegions = (
				en,
				Base,
			);
			mainGroup = 9D52EC072A1151EF004106B2;
			productRefGroup = 9D52EC112A1151EF004106B2 /* Products */;
			projectDirPath = "";
			projectRoot = "";
			targets = (
				9D52EC0F2A1151EF004106B2 /* StarWarsApp */,
			);
		};
/* End PBXProject section */

/* Begin PBXResourcesBuildPhase section */
		9D52EC0E2A1151EF004106B2 /* Resources */ = {
			isa = PBXResourcesBuildPhase;
			buildActionMask = 2147483647;
			files = (
				9D9E20FE2A1160F800E2E446 /* PeopleCell.xib in Resources */,
				9D52EC202A1151EF004106B2 /* LaunchScreen.storyboard in Resources */,
				9D52EC1D2A1151EF004106B2 /* Assets.xcassets in Resources */,
				9D52EC1B2A1151EF004106B2 /* Main.storyboard in Resources */,
			);
			runOnlyForDeploymentPostprocessing = 0;
		};
/* End PBXResourcesBuildPhase section */

/* Begin PBXShellScriptBuildPhase section */
		3BECC5A62B74E9378B50F50B /* [CP] Check Pods Manifest.lock */ = {
			isa = PBXShellScriptBuildPhase;
			buildActionMask = 2147483647;
			files = (
			);
			inputFileListPaths = (
			);
			inputPaths = (
				"${PODS_PODFILE_DIR_PATH}/Podfile.lock",
				"${PODS_ROOT}/Manifest.lock",
			);
			name = "[CP] Check Pods Manifest.lock";
			outputFileListPaths = (
			);
			outputPaths = (
				"$(DERIVED_FILE_DIR)/Pods-StarWarsApp-checkManifestLockResult.txt",
			);
			runOnlyForDeploymentPostprocessing = 0;
			shellPath = /bin/sh;
			shellScript = "diff \"${PODS_PODFILE_DIR_PATH}/Podfile.lock\" \"${PODS_ROOT}/Manifest.lock\" > /dev/null\nif [ $? != 0 ] ; then\n    # print error to STDERR\n    echo \"error: The sandbox is not in sync with the Podfile.lock. Run 'pod install' or update your CocoaPods installation.\" >&2\n    exit 1\nfi\n# This output is used by Xcode 'outputs' to avoid re-running this script phase.\necho \"SUCCESS\" > \"${SCRIPT_OUTPUT_FILE_0}\"\n";
			showEnvVarsInLog = 0;
		};
		7A1A12FCB0D053A767E7D8E2 /* [CP] Embed Pods Frameworks */ = {
			isa = PBXShellScriptBuildPhase;
			buildActionMask = 2147483647;
			files = (
			);
			inputFileListPaths = (
				"${PODS_ROOT}/Target Support Files/Pods-StarWarsApp/Pods-StarWarsApp-frameworks-${CONFIGURATION}-input-files.xcfilelist",
			);
			name = "[CP] Embed Pods Frameworks";
			outputFileListPaths = (
				"${PODS_ROOT}/Target Support Files/Pods-StarWarsApp/Pods-StarWarsApp-frameworks-${CONFIGURATION}-output-files.xcfilelist",
			);
			runOnlyForDeploymentPostprocessing = 0;
			shellPath = /bin/sh;
			shellScript = "\"${PODS_ROOT}/Target Support Files/Pods-StarWarsApp/Pods-StarWarsApp-frameworks.sh\"\n";
			showEnvVarsInLog = 0;
		};
/* End PBXShellScriptBuildPhase section */

/* Begin PBXSourcesBuildPhase section */
		9D52EC0C2A1151EF004106B2 /* Sources */ = {
			isa = PBXSourcesBuildPhase;
			buildActionMask = 2147483647;
			files = (
				9D52EC282A11522B004106B2 /* NetworkManager.swift in Sources */,
				9D52EC2C2A115288004106B2 /* PeopleViewModel.swift in Sources */,
				9D9E20FD2A1160F800E2E446 /* PeopleCell.swift in Sources */,
				9D52EC2A2A115262004106B2 /* PeopleModelData.swift in Sources */,
				9D52EC182A1151EF004106B2 /* ViewController.swift in Sources */,
				9D52EC142A1151EF004106B2 /* AppDelegate.swift in Sources */,
				9D9E21002A11654500E2E446 /* UIViewExtension.swift in Sources */,
				9D52EC162A1151EF004106B2 /* SceneDelegate.swift in Sources */,
			);
			runOnlyForDeploymentPostprocessing = 0;
		};
/* End PBXSourcesBuildPhase section */

/* Begin PBXVariantGroup section */
		9D52EC192A1151EF004106B2 /* Main.storyboard */ = {
			isa = PBXVariantGroup;
			children = (
				9D52EC1A2A1151EF004106B2 /* Base */,
			);
			name = Main.storyboard;
			sourceTree = "<group>";
		};
		9D52EC1E2A1151EF004106B2 /* LaunchScreen.storyboard */ = {
			isa = PBXVariantGroup;
			children = (
				9D52EC1F2A1151EF004106B2 /* Base */,
			);
			name = LaunchScreen.storyboard;
			sourceTree = "<group>";
		};
/* End PBXVariantGroup section */

/* Begin XCBuildConfiguration section */
		9D52EC222A1151EF004106B2 /* Debug */ = {
			isa = XCBuildConfiguration;
			buildSettings = {
				ALWAYS_SEARCH_USER_PATHS = NO;
				CLANG_ANALYZER_NONNULL = YES;
				CLANG_ANALYZER_NUMBER_OBJECT_CONVERSION = YES_AGGRESSIVE;
				CLANG_CXX_LANGUAGE_STANDARD = "gnu++20";
				CLANG_ENABLE_MODULES = YES;
				CLANG_ENABLE_OBJC_ARC = YES;
				CLANG_ENABLE_OBJC_WEAK = YES;
				CLANG_WARN_BLOCK_CAPTURE_AUTORELEASING = YES;
				CLANG_WARN_BOOL_CONVERSION = YES;
				CLANG_WARN_COMMA = YES;
				CLANG_WARN_CONSTANT_CONVERSION = YES;
				CLANG_WARN_DEPRECATED_OBJC_IMPLEMENTATIONS = YES;
				CLANG_WARN_DIRECT_OBJC_ISA_USAGE = YES_ERROR;
				CLANG_WARN_DOCUMENTATION_COMMENTS = YES;
				CLANG_WARN_EMPTY_BODY = YES;
				CLANG_WARN_ENUM_CONVERSION = YES;
				CLANG_WARN_INFINITE_RECURSION = YES;
				CLANG_WARN_INT_CONVERSION = YES;
				CLANG_WARN_NON_LITERAL_NULL_CONVERSION = YES;
				CLANG_WARN_OBJC_IMPLICIT_RETAIN_SELF = YES;
				CLANG_WARN_OBJC_LITERAL_CONVERSION = YES;
				CLANG_WARN_OBJC_ROOT_CLASS = YES_ERROR;
				CLANG_WARN_QUOTED_INCLUDE_IN_FRAMEWORK_HEADER = YES;
				CLANG_WARN_RANGE_LOOP_ANALYSIS = YES;
				CLANG_WARN_STRICT_PROTOTYPES = YES;
				CLANG_WARN_SUSPICIOUS_MOVE = YES;
				CLANG_WARN_UNGUARDED_AVAILABILITY = YES_AGGRESSIVE;
				CLANG_WARN_UNREACHABLE_CODE = YES;
				CLANG_WARN__DUPLICATE_METHOD_MATCH = YES;
				COPY_PHASE_STRIP = NO;
				DEBUG_INFORMATION_FORMAT = dwarf;
				ENABLE_STRICT_OBJC_MSGSEND = YES;
				ENABLE_TESTABILITY = YES;
				GCC_C_LANGUAGE_STANDARD = gnu11;
				GCC_DYNAMIC_NO_PIC = NO;
				GCC_NO_COMMON_BLOCKS = YES;
				GCC_OPTIMIZATION_LEVEL = 0;
				GCC_PREPROCESSOR_DEFINITIONS = (
					"DEBUG=1",
					"$(inherited)",
				);
				GCC_WARN_64_TO_32_BIT_CONVERSION = YES;
				GCC_WARN_ABOUT_RETURN_TYPE = YES_ERROR;
				GCC_WARN_UNDECLARED_SELECTOR = YES;
				GCC_WARN_UNINITIALIZED_AUTOS = YES_AGGRESSIVE;
				GCC_WARN_UNUSED_FUNCTION = YES;
				GCC_WARN_UNUSED_VARIABLE = YES;
				IPHONEOS_DEPLOYMENT_TARGET = 16.2;
				MTL_ENABLE_DEBUG_INFO = INCLUDE_SOURCE;
				MTL_FAST_MATH = YES;
				ONLY_ACTIVE_ARCH = YES;
				SDKROOT = iphoneos;
				SWIFT_ACTIVE_COMPILATION_CONDITIONS = DEBUG;
				SWIFT_OPTIMIZATION_LEVEL = "-Onone";
			};
			name = Debug;
		};
		9D52EC232A1151EF004106B2 /* Release */ = {
			isa = XCBuildConfiguration;
			buildSettings = {
				ALWAYS_SEARCH_USER_PATHS = NO;
				CLANG_ANALYZER_NONNULL = YES;
				CLANG_ANALYZER_NUMBER_OBJECT_CONVERSION = YES_AGGRESSIVE;
				CLANG_CXX_LANGUAGE_STANDARD = "gnu++20";
				CLANG_ENABLE_MODULES = YES;
				CLANG_ENABLE_OBJC_ARC = YES;
				CLANG_ENABLE_OBJC_WEAK = YES;
				CLANG_WARN_BLOCK_CAPTURE_AUTORELEASING = YES;
				CLANG_WARN_BOOL_CONVERSION = YES;
				CLANG_WARN_COMMA = YES;
				CLANG_WARN_CONSTANT_CONVERSION = YES;
				CLANG_WARN_DEPRECATED_OBJC_IMPLEMENTATIONS = YES;
				CLANG_WARN_DIRECT_OBJC_ISA_USAGE = YES_ERROR;
				CLANG_WARN_DOCUMENTATION_COMMENTS = YES;
				CLANG_WARN_EMPTY_BODY = YES;
				CLANG_WARN_ENUM_CONVERSION = YES;
				CLANG_WARN_INFINITE_RECURSION = YES;
				CLANG_WARN_INT_CONVERSION = YES;
				CLANG_WARN_NON_LITERAL_NULL_CONVERSION = YES;
				CLANG_WARN_OBJC_IMPLICIT_RETAIN_SELF = YES;
				CLANG_WARN_OBJC_LITERAL_CONVERSION = YES;
				CLANG_WARN_OBJC_ROOT_CLASS = YES_ERROR;
				CLANG_WARN_QUOTED_INCLUDE_IN_FRAMEWORK_HEADER = YES;
				CLANG_WARN_RANGE_LOOP_ANALYSIS = YES;
				CLANG_WARN_STRICT_PROTOTYPES = YES;
				CLANG_WARN_SUSPICIOUS_MOVE = YES;
				CLANG_WARN_UNGUARDED_AVAILABILITY = YES_AGGRESSIVE;
				CLANG_WARN_UNREACHABLE_CODE = YES;
				CLANG_WARN__DUPLICATE_METHOD_MATCH = YES;
				COPY_PHASE_STRIP = NO;
				DEBUG_INFORMATION_FORMAT = "dwarf-with-dsym";
				ENABLE_NS_ASSERTIONS = NO;
				ENABLE_STRICT_OBJC_MSGSEND = YES;
				GCC_C_LANGUAGE_STANDARD = gnu11;
				GCC_NO_COMMON_BLOCKS = YES;
				GCC_WARN_64_TO_32_BIT_CONVERSION = YES;
				GCC_WARN_ABOUT_RETURN_TYPE = YES_ERROR;
				GCC_WARN_UNDECLARED_SELECTOR = YES;
				GCC_WARN_UNINITIALIZED_AUTOS = YES_AGGRESSIVE;
				GCC_WARN_UNUSED_FUNCTION = YES;
				GCC_WARN_UNUSED_VARIABLE = YES;
				IPHONEOS_DEPLOYMENT_TARGET = 16.2;
				MTL_ENABLE_DEBUG_INFO = NO;
				MTL_FAST_MATH = YES;
				SDKROOT = iphoneos;
				SWIFT_COMPILATION_MODE = wholemodule;
				SWIFT_OPTIMIZATION_LEVEL = "-O";
				VALIDATE_PRODUCT = YES;
			};
			name = Release;
		};
		9D52EC252A1151EF004106B2 /* Debug */ = {
			isa = XCBuildConfiguration;
			baseConfigurationReference = 99187C99180BC3D9ED66B68C /* Pods-StarWarsApp.debug.xcconfig */;
			buildSettings = {
				ASSETCATALOG_COMPILER_APPICON_NAME = AppIcon;
				ASSETCATALOG_COMPILER_GLOBAL_ACCENT_COLOR_NAME = AccentColor;
				CODE_SIGN_STYLE = Automatic;
				CURRENT_PROJECT_VERSION = 1;
				DEVELOPMENT_TEAM = QTAJFSS658;
				GENERATE_INFOPLIST_FILE = YES;
				INFOPLIST_FILE = StarWarsApp/Info.plist;
				INFOPLIST_KEY_UIApplicationSupportsIndirectInputEvents = YES;
				INFOPLIST_KEY_UILaunchStoryboardName = LaunchScreen;
				INFOPLIST_KEY_UIMainStoryboardFile = Main;
				INFOPLIST_KEY_UISupportedInterfaceOrientations_iPad = "UIInterfaceOrientationPortrait UIInterfaceOrientationPortraitUpsideDown UIInterfaceOrientationLandscapeLeft UIInterfaceOrientationLandscapeRight";
				INFOPLIST_KEY_UISupportedInterfaceOrientations_iPhone = "UIInterfaceOrientationPortrait UIInterfaceOrientationLandscapeLeft UIInterfaceOrientationLandscapeRight";
				IPHONEOS_DEPLOYMENT_TARGET = 15.2;
				LD_RUNPATH_SEARCH_PATHS = (
					"$(inherited)",
					"@executable_path/Frameworks",
				);
				MARKETING_VERSION = 1.0;
				PRODUCT_BUNDLE_IDENTIFIER = GuyTwig.StarWarsApp;
				PRODUCT_NAME = "$(TARGET_NAME)";
				SWIFT_EMIT_LOC_STRINGS = YES;
				SWIFT_VERSION = 5.0;
				TARGETED_DEVICE_FAMILY = "1,2";
			};
			name = Debug;
		};
		9D52EC262A1151EF004106B2 /* Release */ = {
			isa = XCBuildConfiguration;
			baseConfigurationReference = 7CFB9C5FA5287E44E601CEE6 /* Pods-StarWarsApp.release.xcconfig */;
			buildSettings = {
				ASSETCATALOG_COMPILER_APPICON_NAME = AppIcon;
				ASSETCATALOG_COMPILER_GLOBAL_ACCENT_COLOR_NAME = AccentColor;
				CODE_SIGN_STYLE = Automatic;
				CURRENT_PROJECT_VERSION = 1;
				DEVELOPMENT_TEAM = QTAJFSS658;
				GENERATE_INFOPLIST_FILE = YES;
				INFOPLIST_FILE = StarWarsApp/Info.plist;
				INFOPLIST_KEY_UIApplicationSupportsIndirectInputEvents = YES;
				INFOPLIST_KEY_UILaunchStoryboardName = LaunchScreen;
				INFOPLIST_KEY_UIMainStoryboardFile = Main;
				INFOPLIST_KEY_UISupportedInterfaceOrientations_iPad = "UIInterfaceOrientationPortrait UIInterfaceOrientationPortraitUpsideDown UIInterfaceOrientationLandscapeLeft UIInterfaceOrientationLandscapeRight";
				INFOPLIST_KEY_UISupportedInterfaceOrientations_iPhone = "UIInterfaceOrientationPortrait UIInterfaceOrientationLandscapeLeft UIInterfaceOrientationLandscapeRight";
				IPHONEOS_DEPLOYMENT_TARGET = 15.2;
				LD_RUNPATH_SEARCH_PATHS = (
					"$(inherited)",
					"@executable_path/Frameworks",
				);
				MARKETING_VERSION = 1.0;
				PRODUCT_BUNDLE_IDENTIFIER = GuyTwig.StarWarsApp;
				PRODUCT_NAME = "$(TARGET_NAME)";
				SWIFT_EMIT_LOC_STRINGS = YES;
				SWIFT_VERSION = 5.0;
				TARGETED_DEVICE_FAMILY = "1,2";
			};
			name = Release;
		};
/* End XCBuildConfiguration section */

/* Begin XCConfigurationList section */
		9D52EC0B2A1151EF004106B2 /* Build configuration list for PBXProject "StarWarsApp" */ = {
			isa = XCConfigurationList;
			buildConfigurations = (
				9D52EC222A1151EF004106B2 /* Debug */,
				9D52EC232A1151EF004106B2 /* Release */,
			);
			defaultConfigurationIsVisible = 0;
			defaultConfigurationName = Release;
		};
		9D52EC242A1151EF004106B2 /* Build configuration list for PBXNativeTarget "StarWarsApp" */ = {
			isa = XCConfigurationList;
			buildConfigurations = (
				9D52EC252A1151EF004106B2 /* Debug */,
				9D52EC262A1151EF004106B2 /* Release */,
			);
			defaultConfigurationIsVisible = 0;
			defaultConfigurationName = Release;
		};
/* End XCConfigurationList section */
	};
	rootObject = 9D52EC082A1151EF004106B2 /* Project object */;
}
